
Microsoft Visual Studio Solution File, Format Version 12.00
# Visual Studio Version 17
VisualStudioVersion = 17.0.31903.59
MinimumVisualStudioVersion = 10.0.40219.1
Project("{2150E333-8FDC-42A3-9474-1A3956D46DE8}") = "src", "src", "{827E0CD3-B72D-47B6-A68D-7590B98EB39B}"
EndProject
Project("{FAE04EC0-301F-11D3-BF4B-00C04F79EFBC}") = "Lookout.Core", "src\Lookout.Core\Lookout.Core.csproj", "{0B9CD853-0351-464B-B02F-6DA177EEF8BA}"
EndProject
Project("{FAE04EC0-301F-11D3-BF4B-00C04F79EFBC}") = "Lookout.AspNetCore", "src\Lookout.AspNetCore\Lookout.AspNetCore.csproj", "{B2D4E1A5-B464-4A14-83A0-617B2B555706}"
EndProject
Project("{FAE04EC0-301F-11D3-BF4B-00C04F79EFBC}") = "Lookout.Storage.Sqlite", "src\Lookout.Storage.Sqlite\Lookout.Storage.Sqlite.csproj", "{E9C7A409-0C4B-4405-BA0A-A425721DC05E}"
EndProject
Project("{FAE04EC0-301F-11D3-BF4B-00C04F79EFBC}") = "Lookout.Dashboard", "src\Lookout.Dashboard\Lookout.Dashboard.csproj", "{8B363BA8-550B-45F3-BC53-9BD58ED875A9}"
EndProject
Project("{2150E333-8FDC-42A3-9474-1A3956D46DE8}") = "tests", "tests", "{0AB3BF05-4346-4AA6-1389-037BE0695223}"
EndProject
Project("{FAE04EC0-301F-11D3-BF4B-00C04F79EFBC}") = "Lookout.AspNetCore.Tests", "tests\Lookout.AspNetCore.Tests\Lookout.AspNetCore.Tests.csproj", "{F9A075E6-5FE7-4EF3-A95E-D3EBF73AACED}"
EndProject
Project("{2150E333-8FDC-42A3-9474-1A3956D46DE8}") = "samples", "samples", "{5D20AA90-6969-D8BD-9DCD-8634F4692FDA}"
EndProject
Project("{FAE04EC0-301F-11D3-BF4B-00C04F79EFBC}") = "WebApp", "samples\WebApp\WebApp.csproj", "{5EA46817-9B31-43B7-B88B-0B2E38E4D9B9}"
EndProject
Project("{FAE04EC0-301F-11D3-BF4B-00C04F79EFBC}") = "Lookout.Benchmarks", "tests\Lookout.Benchmarks\Lookout.Benchmarks.csproj", "{D48CB6C0-2DF7-457D-A2B8-D3FA6220F7D0}"
EndProject
Project("{FAE04EC0-301F-11D3-BF4B-00C04F79EFBC}") = "Lookout.EntityFrameworkCore", "src\Lookout.EntityFrameworkCore\Lookout.EntityFrameworkCore.csproj", "{A1B2C3D4-E5F6-4A7B-8C9D-0E1F2A3B4C5D}"
EndProject
Project("{FAE04EC0-301F-11D3-BF4B-00C04F79EFBC}") = "Lookout.EntityFrameworkCore.IntegrationTests", "tests\Lookout.EntityFrameworkCore.IntegrationTests\Lookout.EntityFrameworkCore.IntegrationTests.csproj", "{B2C3D4E5-F6A7-4B8C-9D0E-1F2A3B4C5D6E}"
EndProject
Global
	GlobalSection(SolutionConfigurationPlatforms) = preSolution
		Debug|Any CPU = Debug|Any CPU
		Debug|x64 = Debug|x64
		Debug|x86 = Debug|x86
		Release|Any CPU = Release|Any CPU
		Release|x64 = Release|x64
		Release|x86 = Release|x86
	EndGlobalSection
	GlobalSection(ProjectConfigurationPlatforms) = postSolution
		{0B9CD853-0351-464B-B02F-6DA177EEF8BA}.Debug|Any CPU.ActiveCfg = Debug|Any CPU
		{0B9CD853-0351-464B-B02F-6DA177EEF8BA}.Debug|Any CPU.Build.0 = Debug|Any CPU
		{0B9CD853-0351-464B-B02F-6DA177EEF8BA}.Debug|x64.ActiveCfg = Debug|Any CPU
		{0B9CD853-0351-464B-B02F-6DA177EEF8BA}.Debug|x64.Build.0 = Debug|Any CPU
		{0B9CD853-0351-464B-B02F-6DA177EEF8BA}.Debug|x86.ActiveCfg = Debug|Any CPU
		{0B9CD853-0351-464B-B02F-6DA177EEF8BA}.Debug|x86.Build.0 = Debug|Any CPU
		{0B9CD853-0351-464B-B02F-6DA177EEF8BA}.Release|Any CPU.ActiveCfg = Release|Any CPU
		{0B9CD853-0351-464B-B02F-6DA177EEF8BA}.Release|Any CPU.Build.0 = Release|Any CPU
		{0B9CD853-0351-464B-B02F-6DA177EEF8BA}.Release|x64.ActiveCfg = Release|Any CPU
		{0B9CD853-0351-464B-B02F-6DA177EEF8BA}.Release|x64.Build.0 = Release|Any CPU
		{0B9CD853-0351-464B-B02F-6DA177EEF8BA}.Release|x86.ActiveCfg = Release|Any CPU
		{0B9CD853-0351-464B-B02F-6DA177EEF8BA}.Release|x86.Build.0 = Release|Any CPU
		{B2D4E1A5-B464-4A14-83A0-617B2B555706}.Debug|Any CPU.ActiveCfg = Debug|Any CPU
		{B2D4E1A5-B464-4A14-83A0-617B2B555706}.Debug|Any CPU.Build.0 = Debug|Any CPU
		{B2D4E1A5-B464-4A14-83A0-617B2B555706}.Debug|x64.ActiveCfg = Debug|Any CPU
		{B2D4E1A5-B464-4A14-83A0-617B2B555706}.Debug|x64.Build.0 = Debug|Any CPU
		{B2D4E1A5-B464-4A14-83A0-617B2B555706}.Debug|x86.ActiveCfg = Debug|Any CPU
		{B2D4E1A5-B464-4A14-83A0-617B2B555706}.Debug|x86.Build.0 = Debug|Any CPU
		{B2D4E1A5-B464-4A14-83A0-617B2B555706}.Release|Any CPU.ActiveCfg = Release|Any CPU
		{B2D4E1A5-B464-4A14-83A0-617B2B555706}.Release|Any CPU.Build.0 = Release|Any CPU
		{B2D4E1A5-B464-4A14-83A0-617B2B555706}.Release|x64.ActiveCfg = Release|Any CPU
		{B2D4E1A5-B464-4A14-83A0-617B2B555706}.Release|x64.Build.0 = Release|Any CPU
		{B2D4E1A5-B464-4A14-83A0-617B2B555706}.Release|x86.ActiveCfg = Release|Any CPU
		{B2D4E1A5-B464-4A14-83A0-617B2B555706}.Release|x86.Build.0 = Release|Any CPU
		{E9C7A409-0C4B-4405-BA0A-A425721DC05E}.Debug|Any CPU.ActiveCfg = Debug|Any CPU
		{E9C7A409-0C4B-4405-BA0A-A425721DC05E}.Debug|Any CPU.Build.0 = Debug|Any CPU
		{E9C7A409-0C4B-4405-BA0A-A425721DC05E}.Debug|x64.ActiveCfg = Debug|Any CPU
		{E9C7A409-0C4B-4405-BA0A-A425721DC05E}.Debug|x64.Build.0 = Debug|Any CPU
		{E9C7A409-0C4B-4405-BA0A-A425721DC05E}.Debug|x86.ActiveCfg = Debug|Any CPU
		{E9C7A409-0C4B-4405-BA0A-A425721DC05E}.Debug|x86.Build.0 = Debug|Any CPU
		{E9C7A409-0C4B-4405-BA0A-A425721DC05E}.Release|Any CPU.ActiveCfg = Release|Any CPU
		{E9C7A409-0C4B-4405-BA0A-A425721DC05E}.Release|Any CPU.Build.0 = Release|Any CPU
		{E9C7A409-0C4B-4405-BA0A-A425721DC05E}.Release|x64.ActiveCfg = Release|Any CPU
		{E9C7A409-0C4B-4405-BA0A-A425721DC05E}.Release|x64.Build.0 = Release|Any CPU
		{E9C7A409-0C4B-4405-BA0A-A425721DC05E}.Release|x86.ActiveCfg = Release|Any CPU
		{E9C7A409-0C4B-4405-BA0A-A425721DC05E}.Release|x86.Build.0 = Release|Any CPU
		{8B363BA8-550B-45F3-BC53-9BD58ED875A9}.Debug|Any CPU.ActiveCfg = Debug|Any CPU
		{8B363BA8-550B-45F3-BC53-9BD58ED875A9}.Debug|Any CPU.Build.0 = Debug|Any CPU
		{8B363BA8-550B-45F3-BC53-9BD58ED875A9}.Debug|x64.ActiveCfg = Debug|Any CPU
		{8B363BA8-550B-45F3-BC53-9BD58ED875A9}.Debug|x64.Build.0 = Debug|Any CPU
		{8B363BA8-550B-45F3-BC53-9BD58ED875A9}.Debug|x86.ActiveCfg = Debug|Any CPU
		{8B363BA8-550B-45F3-BC53-9BD58ED875A9}.Debug|x86.Build.0 = Debug|Any CPU
		{8B363BA8-550B-45F3-BC53-9BD58ED875A9}.Release|Any CPU.ActiveCfg = Release|Any CPU
		{8B363BA8-550B-45F3-BC53-9BD58ED875A9}.Release|Any CPU.Build.0 = Release|Any CPU
		{8B363BA8-550B-45F3-BC53-9BD58ED875A9}.Release|x64.ActiveCfg = Release|Any CPU
		{8B363BA8-550B-45F3-BC53-9BD58ED875A9}.Release|x64.Build.0 = Release|Any CPU
		{8B363BA8-550B-45F3-BC53-9BD58ED875A9}.Release|x86.ActiveCfg = Release|Any CPU
		{8B363BA8-550B-45F3-BC53-9BD58ED875A9}.Release|x86.Build.0 = Release|Any CPU
		{F9A075E6-5FE7-4EF3-A95E-D3EBF73AACED}.Debug|Any CPU.ActiveCfg = Debug|Any CPU
		{F9A075E6-5FE7-4EF3-A95E-D3EBF73AACED}.Debug|Any CPU.Build.0 = Debug|Any CPU
		{F9A075E6-5FE7-4EF3-A95E-D3EBF73AACED}.Debug|x64.ActiveCfg = Debug|Any CPU
		{F9A075E6-5FE7-4EF3-A95E-D3EBF73AACED}.Debug|x64.Build.0 = Debug|Any CPU
		{F9A075E6-5FE7-4EF3-A95E-D3EBF73AACED}.Debug|x86.ActiveCfg = Debug|Any CPU
		{F9A075E6-5FE7-4EF3-A95E-D3EBF73AACED}.Debug|x86.Build.0 = Debug|Any CPU
		{F9A075E6-5FE7-4EF3-A95E-D3EBF73AACED}.Release|Any CPU.ActiveCfg = Release|Any CPU
		{F9A075E6-5FE7-4EF3-A95E-D3EBF73AACED}.Release|Any CPU.Build.0 = Release|Any CPU
		{F9A075E6-5FE7-4EF3-A95E-D3EBF73AACED}.Release|x64.ActiveCfg = Release|Any CPU
		{F9A075E6-5FE7-4EF3-A95E-D3EBF73AACED}.Release|x64.Build.0 = Release|Any CPU
		{F9A075E6-5FE7-4EF3-A95E-D3EBF73AACED}.Release|x86.ActiveCfg = Release|Any CPU
		{F9A075E6-5FE7-4EF3-A95E-D3EBF73AACED}.Release|x86.Build.0 = Release|Any CPU
		{5EA46817-9B31-43B7-B88B-0B2E38E4D9B9}.Debug|Any CPU.ActiveCfg = Debug|Any CPU
		{5EA46817-9B31-43B7-B88B-0B2E38E4D9B9}.Debug|Any CPU.Build.0 = Debug|Any CPU
		{5EA46817-9B31-43B7-B88B-0B2E38E4D9B9}.Debug|x64.ActiveCfg = Debug|Any CPU
		{5EA46817-9B31-43B7-B88B-0B2E38E4D9B9}.Debug|x64.Build.0 = Debug|Any CPU
		{5EA46817-9B31-43B7-B88B-0B2E38E4D9B9}.Debug|x86.ActiveCfg = Debug|Any CPU
		{5EA46817-9B31-43B7-B88B-0B2E38E4D9B9}.Debug|x86.Build.0 = Debug|Any CPU
		{5EA46817-9B31-43B7-B88B-0B2E38E4D9B9}.Release|Any CPU.ActiveCfg = Release|Any CPU
		{5EA46817-9B31-43B7-B88B-0B2E38E4D9B9}.Release|Any CPU.Build.0 = Release|Any CPU
		{5EA46817-9B31-43B7-B88B-0B2E38E4D9B9}.Release|x64.ActiveCfg = Release|Any CPU
		{5EA46817-9B31-43B7-B88B-0B2E38E4D9B9}.Release|x64.Build.0 = Release|Any CPU
		{5EA46817-9B31-43B7-B88B-0B2E38E4D9B9}.Release|x86.ActiveCfg = Release|Any CPU
		{5EA46817-9B31-43B7-B88B-0B2E38E4D9B9}.Release|x86.Build.0 = Release|Any CPU
		{D48CB6C0-2DF7-457D-A2B8-D3FA6220F7D0}.Debug|Any CPU.ActiveCfg = Debug|Any CPU
		{D48CB6C0-2DF7-457D-A2B8-D3FA6220F7D0}.Debug|Any CPU.Build.0 = Debug|Any CPU
		{D48CB6C0-2DF7-457D-A2B8-D3FA6220F7D0}.Debug|x64.ActiveCfg = Debug|Any CPU
		{D48CB6C0-2DF7-457D-A2B8-D3FA6220F7D0}.Debug|x64.Build.0 = Debug|Any CPU
		{D48CB6C0-2DF7-457D-A2B8-D3FA6220F7D0}.Debug|x86.ActiveCfg = Debug|Any CPU
		{D48CB6C0-2DF7-457D-A2B8-D3FA6220F7D0}.Debug|x86.Build.0 = Debug|Any CPU
		{D48CB6C0-2DF7-457D-A2B8-D3FA6220F7D0}.Release|Any CPU.ActiveCfg = Release|Any CPU
		{D48CB6C0-2DF7-457D-A2B8-D3FA6220F7D0}.Release|Any CPU.Build.0 = Release|Any CPU
		{D48CB6C0-2DF7-457D-A2B8-D3FA6220F7D0}.Release|x64.ActiveCfg = Release|Any CPU
		{D48CB6C0-2DF7-457D-A2B8-D3FA6220F7D0}.Release|x64.Build.0 = Release|Any CPU
		{D48CB6C0-2DF7-457D-A2B8-D3FA6220F7D0}.Release|x86.ActiveCfg = Release|Any CPU
		{D48CB6C0-2DF7-457D-A2B8-D3FA6220F7D0}.Release|x86.Build.0 = Release|Any CPU
		{A1B2C3D4-E5F6-4A7B-8C9D-0E1F2A3B4C5D}.Debug|Any CPU.ActiveCfg = Debug|Any CPU
		{A1B2C3D4-E5F6-4A7B-8C9D-0E1F2A3B4C5D}.Debug|Any CPU.Build.0 = Debug|Any CPU
		{A1B2C3D4-E5F6-4A7B-8C9D-0E1F2A3B4C5D}.Debug|x64.ActiveCfg = Debug|Any CPU
		{A1B2C3D4-E5F6-4A7B-8C9D-0E1F2A3B4C5D}.Debug|x64.Build.0 = Debug|Any CPU
		{A1B2C3D4-E5F6-4A7B-8C9D-0E1F2A3B4C5D}.Debug|x86.ActiveCfg = Debug|Any CPU
		{A1B2C3D4-E5F6-4A7B-8C9D-0E1F2A3B4C5D}.Debug|x86.Build.0 = Debug|Any CPU
		{A1B2C3D4-E5F6-4A7B-8C9D-0E1F2A3B4C5D}.Release|Any CPU.ActiveCfg = Release|Any CPU
		{A1B2C3D4-E5F6-4A7B-8C9D-0E1F2A3B4C5D}.Release|Any CPU.Build.0 = Release|Any CPU
		{A1B2C3D4-E5F6-4A7B-8C9D-0E1F2A3B4C5D}.Release|x64.ActiveCfg = Release|Any CPU
		{A1B2C3D4-E5F6-4A7B-8C9D-0E1F2A3B4C5D}.Release|x64.Build.0 = Release|Any CPU
		{A1B2C3D4-E5F6-4A7B-8C9D-0E1F2A3B4C5D}.Release|x86.ActiveCfg = Release|Any CPU
		{A1B2C3D4-E5F6-4A7B-8C9D-0E1F2A3B4C5D}.Release|x86.Build.0 = Release|Any CPU
		{B2C3D4E5-F6A7-4B8C-9D0E-1F2A3B4C5D6E}.Debug|Any CPU.ActiveCfg = Debug|Any CPU
		{B2C3D4E5-F6A7-4B8C-9D0E-1F2A3B4C5D6E}.Debug|Any CPU.Build.0 = Debug|Any CPU
		{B2C3D4E5-F6A7-4B8C-9D0E-1F2A3B4C5D6E}.Debug|x64.ActiveCfg = Debug|Any CPU
		{B2C3D4E5-F6A7-4B8C-9D0E-1F2A3B4C5D6E}.Debug|x64.Build.0 = Debug|Any CPU
		{B2C3D4E5-F6A7-4B8C-9D0E-1F2A3B4C5D6E}.Debug|x86.ActiveCfg = Debug|Any CPU
		{B2C3D4E5-F6A7-4B8C-9D0E-1F2A3B4C5D6E}.Debug|x86.Build.0 = Debug|Any CPU
		{B2C3D4E5-F6A7-4B8C-9D0E-1F2A3B4C5D6E}.Release|Any CPU.ActiveCfg = Release|Any CPU
		{B2C3D4E5-F6A7-4B8C-9D0E-1F2A3B4C5D6E}.Release|Any CPU.Build.0 = Release|Any CPU
		{B2C3D4E5-F6A7-4B8C-9D0E-1F2A3B4C5D6E}.Release|x64.ActiveCfg = Release|Any CPU
		{B2C3D4E5-F6A7-4B8C-9D0E-1F2A3B4C5D6E}.Release|x64.Build.0 = Release|Any CPU
		{B2C3D4E5-F6A7-4B8C-9D0E-1F2A3B4C5D6E}.Release|x86.ActiveCfg = Release|Any CPU
		{B2C3D4E5-F6A7-4B8C-9D0E-1F2A3B4C5D6E}.Release|x86.Build.0 = Release|Any CPU
	EndGlobalSection
	GlobalSection(SolutionProperties) = preSolution
		HideSolutionNode = FALSE
	EndGlobalSection
	GlobalSection(NestedProjects) = preSolution
		{0B9CD853-0351-464B-B02F-6DA177EEF8BA} = {827E0CD3-B72D-47B6-A68D-7590B98EB39B}
		{B2D4E1A5-B464-4A14-83A0-617B2B555706} = {827E0CD3-B72D-47B6-A68D-7590B98EB39B}
		{E9C7A409-0C4B-4405-BA0A-A425721DC05E} = {827E0CD3-B72D-47B6-A68D-7590B98EB39B}
		{8B363BA8-550B-45F3-BC53-9BD58ED875A9} = {827E0CD3-B72D-47B6-A68D-7590B98EB39B}
		{F9A075E6-5FE7-4EF3-A95E-D3EBF73AACED} = {0AB3BF05-4346-4AA6-1389-037BE0695223}
		{5EA46817-9B31-43B7-B88B-0B2E38E4D9B9} = {5D20AA90-6969-D8BD-9DCD-8634F4692FDA}
		{D48CB6C0-2DF7-457D-A2B8-D3FA6220F7D0} = {0AB3BF05-4346-4AA6-1389-037BE0695223}
		{A1B2C3D4-E5F6-4A7B-8C9D-0E1F2A3B4C5D} = {827E0CD3-B72D-47B6-A68D-7590B98EB39B}
		{B2C3D4E5-F6A7-4B8C-9D0E-1F2A3B4C5D6E} = {0AB3BF05-4346-4AA6-1389-037BE0695223}
	EndGlobalSection
EndGlobal
